{
  "name": "brutalism",
  "version": "1.4.4",
  "lockfileVersion": 1,
  "requires": true,
  "dependencies": {
    "cluecumber": {
      "version": "0.0.6",
      "resolved": "https://registry.npmjs.org/cluecumber/-/cluecumber-0.0.6.tgz",
      "integrity": "sha512-RU/W5j1pqzmmyu2LnuLRb+dTxLruDBD9bEX3Q3fvSEdRi0yk2guZa2Ktks6T0egnFPUyw84pU6cYNNZrXjGjUg==",
      "requires": {
        "cep-spy": "^1.1.2"
      },
      "dependencies": {
        "cep-spy": {
          "version": "1.1.11",
          "resolved": "https://registry.npmjs.org/cep-spy/-/cep-spy-1.1.11.tgz",
          "integrity": "sha512-pHCgLDTw5xE/NEbhzuLMuWku6PNSNCBqpJnbKBIA7X5adQzgEUhYHNsPkch/czuyQdHKauLTLTZoSvVYLAsbhg=="
        }
      }
    },
    "starlette": {
      "version": "1.0.3",
      "resolved": "https://registry.npmjs.org/starlette/-/starlette-1.0.3.tgz",
      "integrity": "sha512-BO06PwVIa84F1GGjXu9fFUwUSiefNv0bWTL+N+/MKVXRqtg131qVwY8V8n2g4MWC2Kd0kMzkXhXiOtzo1ChzCQ=="
    }
  }
}
