{
  "name": "brutalism",
  "version": "1.9.0",
  "lockfileVersion": 1,
  "requires": true,
  "dependencies": {
    "cep-spy": {
      "version": "1.2.7",
      "resolved": "https://registry.npmjs.org/cep-spy/-/cep-spy-1.2.7.tgz",
      "integrity": "sha512-fdFG5tHMvollEBYEOwEoCoPxd3aMBLsakHzzoFdhb389fQll9huX0aMkfYTCahhatz42kTCH3VjRag7E+UMkag=="
    }
  }
}
