{
  "name": "brutalism",
  "version": "1.0.0",
  "lockfileVersion": 1,
  "requires": true,
  "dependencies": {
    "cep-spy": {
      "version": "1.1.1",
      "resolved": "https://registry.npmjs.org/cep-spy/-/cep-spy-1.1.1.tgz",
      "integrity": "sha512-atdaLVt9OmHcQ67VPlhiMVzzn+dFdoJP62iKm5ZmjKkjXGo09miBNi2J1rwu+ZL6JxN/nQxzOXC8MHHB9TFygA=="
    },
    "cluecumber": {
      "version": "0.0.42",
      "resolved": "https://registry.npmjs.org/cluecumber/-/cluecumber-0.0.42.tgz",
      "integrity": "sha512-MfcPJqvFGLtpK3UcbSTL+qElXh8P0iUlCdJ02vdDUJv285ctDxZEvrJjZ14A2fTR+yIWTVmgW4zD5FRr3utvyA==",
      "requires": {
        "cep-spy": "^1.1.1"
      }
    },
    "starlette": {
      "version": "1.0.2",
      "resolved": "https://registry.npmjs.org/starlette/-/starlette-1.0.2.tgz",
      "integrity": "sha512-fT66IMKY2hGzeMvZbo2350/yGhXOMELwMoNkk50miorTi30ahuQJeqUASStD7Syp2hgIscnzao+AtG3gsIKpYg=="
    },
    "vue-pan": {
      "version": "1.0.0",
      "resolved": "https://registry.npmjs.org/vue-pan/-/vue-pan-1.0.0.tgz",
      "integrity": "sha512-6ptWeaRyO6T/4g0Yc/eCK4b7Fp4IArWzTlwBjncHwoj4MbHC6y0MvyFbn22Kv1mf8ZNkXxJSQODe6wsi2jqJvA=="
    }
  }
}
